
Microsoft Visual Studio Solution File, Format Version 12.00
# Visual Studio Version 16
VisualStudioVersion = 16.0.31019.35
MinimumVisualStudioVersion = 10.0.40219.1
Project("{FAE04EC0-301F-11D3-BF4B-00C04F79EFBC}") = "Ejercicio 3", "Ejercicio 3\Ejercicio 3.csproj", "{BBDCCE97-448A-4866-A34A-79DE0A32A261}"
EndProject
Global
	GlobalSection(SolutionConfigurationPlatforms) = preSolution
		Debug|Any CPU = Debug|Any CPU
		Release|Any CPU = Release|Any CPU
	EndGlobalSection
	GlobalSection(ProjectConfigurationPlatforms) = postSolution
		{BBDCCE97-448A-4866-A34A-79DE0A32A261}.Debug|Any CPU.ActiveCfg = Debug|Any CPU
		{BBDCCE97-448A-4866-A34A-79DE0A32A261}.Debug|Any CPU.Build.0 = Debug|Any CPU
		{BBDCCE97-448A-4866-A34A-79DE0A32A261}.Release|Any CPU.ActiveCfg = Release|Any CPU
		{BBDCCE97-448A-4866-A34A-79DE0A32A261}.Release|Any CPU.Build.0 = Release|Any CPU
	EndGlobalSection
	GlobalSection(SolutionProperties) = preSolution
		HideSolutionNode = FALSE
	EndGlobalSection
	GlobalSection(ExtensibilityGlobals) = postSolution
		SolutionGuid = {D3509D4E-B975-43C8-9D5F-30D26BB19D2A}
	EndGlobalSection
EndGlobal
